
Microsoft Visual Studio Solution File, Format Version 12.00
# Visual Studio Version 17
VisualStudioVersion = 17.3.32929.385
MinimumVisualStudioVersion = 10.0.40219.1
Project("{9A19103F-16F7-4668-BE54-9A1E7A4F7556}") = "Adita.PlexNet.Wpf.Dialogs", "Adita.PlexNet.Wpf.Dialogs\Adita.PlexNet.Wpf.Dialogs.csproj", "{668D817E-5424-4C6C-B04B-49435916DE54}"
EndProject
Project("{9A19103F-16F7-4668-BE54-9A1E7A4F7556}") = "Adita.PlexNet.Wpf.Dialogs.Samples", "Adita.PlexNet.Wpf.Dialogs.Samples\Adita.PlexNet.Wpf.Dialogs.Samples.csproj", "{20A200EF-8737-4002-9068-9177B83F7043}"
EndProject
Project("{2150E333-8FDC-42A3-9474-1A3956D46DE8}") = "Solution Items", "Solution Items", "{49EEA9B6-3262-4ED1-8851-42D134569638}"
	ProjectSection(SolutionItems) = preProject
		README.md = README.md
	EndProjectSection
EndProject
Global
	GlobalSection(SolutionConfigurationPlatforms) = preSolution
		Debug|Any CPU = Debug|Any CPU
		Release|Any CPU = Release|Any CPU
	EndGlobalSection
	GlobalSection(ProjectConfigurationPlatforms) = postSolution
		{668D817E-5424-4C6C-B04B-49435916DE54}.Debug|Any CPU.ActiveCfg = Debug|Any CPU
		{668D817E-5424-4C6C-B04B-49435916DE54}.Debug|Any CPU.Build.0 = Debug|Any CPU
		{668D817E-5424-4C6C-B04B-49435916DE54}.Release|Any CPU.ActiveCfg = Release|Any CPU
		{668D817E-5424-4C6C-B04B-49435916DE54}.Release|Any CPU.Build.0 = Release|Any CPU
		{20A200EF-8737-4002-9068-9177B83F7043}.Debug|Any CPU.ActiveCfg = Debug|Any CPU
		{20A200EF-8737-4002-9068-9177B83F7043}.Debug|Any CPU.Build.0 = Debug|Any CPU
		{20A200EF-8737-4002-9068-9177B83F7043}.Release|Any CPU.ActiveCfg = Release|Any CPU
		{20A200EF-8737-4002-9068-9177B83F7043}.Release|Any CPU.Build.0 = Release|Any CPU
	EndGlobalSection
	GlobalSection(SolutionProperties) = preSolution
		HideSolutionNode = FALSE
	EndGlobalSection
	GlobalSection(ExtensibilityGlobals) = postSolution
		SolutionGuid = {CEBCD425-F60F-4BB0-BE03-2A7CD6063E6A}
	EndGlobalSection
EndGlobal
